
Microsoft Visual Studio Solution File, Format Version 12.00
# Visual Studio Version 16
VisualStudioVersion = 16.0.30320.27
MinimumVisualStudioVersion = 10.0.40219.1
Project("{FAE04EC0-301F-11D3-BF4B-00C04F79EFBC}") = "WpfApp1", "WpfApp1\WpfApp1.csproj", "{3E5D3803-C9C0-4635-86E2-744BF1DCB275}"
EndProject
Global
	GlobalSection(SolutionConfigurationPlatforms) = preSolution
		Debug|Any CPU = Debug|Any CPU
		Release|Any CPU = Release|Any CPU
	EndGlobalSection
	GlobalSection(ProjectConfigurationPlatforms) = postSolution
		{3E5D3803-C9C0-4635-86E2-744BF1DCB275}.Debug|Any CPU.ActiveCfg = Debug|Any CPU
		{3E5D3803-C9C0-4635-86E2-744BF1DCB275}.Debug|Any CPU.Build.0 = Debug|Any CPU
		{3E5D3803-C9C0-4635-86E2-744BF1DCB275}.Release|Any CPU.ActiveCfg = Release|Any CPU
		{3E5D3803-C9C0-4635-86E2-744BF1DCB275}.Release|Any CPU.Build.0 = Release|Any CPU
	EndGlobalSection
	GlobalSection(SolutionProperties) = preSolution
		HideSolutionNode = FALSE
	EndGlobalSection
	GlobalSection(ExtensibilityGlobals) = postSolution
		SolutionGuid = {DB111511-161D-4C59-B824-C8026375D84C}
	EndGlobalSection
EndGlobal
